{
  "name": "backend",
  "lockfileVersion": 3,
  "requires": true,
  "packages": {
    "": {
      "dependencies": {
        "langmap": "^0.0.16"
      }
    },
    "node_modules/langmap": {
      "version": "0.0.16",
      "resolved": "https://registry.npmjs.org/langmap/-/langmap-0.0.16.tgz",
      "integrity": "sha512-AtYvBK7BsDvWwnSfmO7CfgeUy7GUT1wK3QX8eKH/Ey/eXodqoHuAtvdQ82hmWD9QVFVKnuiNjym9fGY4qSJeLA=="
    }
  }
}
